
Microsoft Visual Studio Solution File, Format Version 12.00
# Visual Studio Version 16
VisualStudioVersion = 16.0.30011.22
MinimumVisualStudioVersion = 10.0.40219.1
Project("{FAE04EC0-301F-11D3-BF4B-00C04F79EFBC}") = "ITMO.CSCourse2020.WhatDay3", "ITMO.CSCourse2020.WhatDay3.csproj", "{FF517EEE-21B3-4889-B073-21960CE14DF8}"
EndProject
Global
	GlobalSection(SolutionConfigurationPlatforms) = preSolution
		Debug|Any CPU = Debug|Any CPU
		Release|Any CPU = Release|Any CPU
	EndGlobalSection
	GlobalSection(ProjectConfigurationPlatforms) = postSolution
		{FF517EEE-21B3-4889-B073-21960CE14DF8}.Debug|Any CPU.ActiveCfg = Debug|Any CPU
		{FF517EEE-21B3-4889-B073-21960CE14DF8}.Debug|Any CPU.Build.0 = Debug|Any CPU
		{FF517EEE-21B3-4889-B073-21960CE14DF8}.Release|Any CPU.ActiveCfg = Release|Any CPU
		{FF517EEE-21B3-4889-B073-21960CE14DF8}.Release|Any CPU.Build.0 = Release|Any CPU
	EndGlobalSection
	GlobalSection(SolutionProperties) = preSolution
		HideSolutionNode = FALSE
	EndGlobalSection
	GlobalSection(ExtensibilityGlobals) = postSolution
		SolutionGuid = {BDF87F67-E7DD-404D-BF86-F40FFC85DB54}
	EndGlobalSection
EndGlobal
