
Microsoft Visual Studio Solution File, Format Version 12.00
# Visual Studio Version 16
VisualStudioVersion = 16.0.30011.22
MinimumVisualStudioVersion = 10.0.40219.1
Project("{FAE04EC0-301F-11D3-BF4B-00C04F79EFBC}") = "ITMO.CSCourse2020.WhatDay2", "ITMO.CSCourse2020.WhatDay2.csproj", "{3F7774D8-DBC6-4A9A-A0FE-AD37451C969D}"
EndProject
Global
	GlobalSection(SolutionConfigurationPlatforms) = preSolution
		Debug|Any CPU = Debug|Any CPU
		Release|Any CPU = Release|Any CPU
	EndGlobalSection
	GlobalSection(ProjectConfigurationPlatforms) = postSolution
		{3F7774D8-DBC6-4A9A-A0FE-AD37451C969D}.Debug|Any CPU.ActiveCfg = Debug|Any CPU
		{3F7774D8-DBC6-4A9A-A0FE-AD37451C969D}.Debug|Any CPU.Build.0 = Debug|Any CPU
		{3F7774D8-DBC6-4A9A-A0FE-AD37451C969D}.Release|Any CPU.ActiveCfg = Release|Any CPU
		{3F7774D8-DBC6-4A9A-A0FE-AD37451C969D}.Release|Any CPU.Build.0 = Release|Any CPU
	EndGlobalSection
	GlobalSection(SolutionProperties) = preSolution
		HideSolutionNode = FALSE
	EndGlobalSection
	GlobalSection(ExtensibilityGlobals) = postSolution
		SolutionGuid = {92FA9943-0163-4615-9D44-414A30DA3F2D}
	EndGlobalSection
EndGlobal
